
Microsoft Visual Studio Solution File, Format Version 12.00
# Visual Studio Version 17
VisualStudioVersion = 17.1.32228.430
MinimumVisualStudioVersion = 10.0.40219.1
Project("{FAE04EC0-301F-11D3-BF4B-00C04F79EFBC}") = "WindowsFormsControlTask2", "WindowsFormsControlTask2\WindowsFormsControlTask2.csproj", "{FAC8EBCE-21E8-41EE-8C42-31AACAE36E54}"
EndProject
Global
	GlobalSection(SolutionConfigurationPlatforms) = preSolution
		Debug|Any CPU = Debug|Any CPU
		Release|Any CPU = Release|Any CPU
	EndGlobalSection
	GlobalSection(ProjectConfigurationPlatforms) = postSolution
		{FAC8EBCE-21E8-41EE-8C42-31AACAE36E54}.Debug|Any CPU.ActiveCfg = Debug|Any CPU
		{FAC8EBCE-21E8-41EE-8C42-31AACAE36E54}.Debug|Any CPU.Build.0 = Debug|Any CPU
		{FAC8EBCE-21E8-41EE-8C42-31AACAE36E54}.Release|Any CPU.ActiveCfg = Release|Any CPU
		{FAC8EBCE-21E8-41EE-8C42-31AACAE36E54}.Release|Any CPU.Build.0 = Release|Any CPU
	EndGlobalSection
	GlobalSection(SolutionProperties) = preSolution
		HideSolutionNode = FALSE
	EndGlobalSection
	GlobalSection(ExtensibilityGlobals) = postSolution
		SolutionGuid = {005173D7-4C24-4FA5-B468-FE087F71998B}
	EndGlobalSection
EndGlobal
