
Microsoft Visual Studio Solution File, Format Version 12.00
# Visual Studio Version 17
VisualStudioVersion = 17.1.32228.430
MinimumVisualStudioVersion = 10.0.40219.1
Project("{FAE04EC0-301F-11D3-BF4B-00C04F79EFBC}") = "WindowsFormsControlLibrary1", "WindowsFormsControlLibrary1\WindowsFormsControlLibrary1.csproj", "{BF640D75-47BC-4A41-B86C-D7131E6CF42E}"
EndProject
Global
	GlobalSection(SolutionConfigurationPlatforms) = preSolution
		Debug|Any CPU = Debug|Any CPU
		Release|Any CPU = Release|Any CPU
	EndGlobalSection
	GlobalSection(ProjectConfigurationPlatforms) = postSolution
		{BF640D75-47BC-4A41-B86C-D7131E6CF42E}.Debug|Any CPU.ActiveCfg = Debug|Any CPU
		{BF640D75-47BC-4A41-B86C-D7131E6CF42E}.Debug|Any CPU.Build.0 = Debug|Any CPU
		{BF640D75-47BC-4A41-B86C-D7131E6CF42E}.Release|Any CPU.ActiveCfg = Release|Any CPU
		{BF640D75-47BC-4A41-B86C-D7131E6CF42E}.Release|Any CPU.Build.0 = Release|Any CPU
	EndGlobalSection
	GlobalSection(SolutionProperties) = preSolution
		HideSolutionNode = FALSE
	EndGlobalSection
	GlobalSection(ExtensibilityGlobals) = postSolution
		SolutionGuid = {6F281BF6-1909-44AA-BFB1-4411FB819BE5}
	EndGlobalSection
EndGlobal
