
Microsoft Visual Studio Solution File, Format Version 12.00
# Visual Studio Version 17
VisualStudioVersion = 17.1.32228.430
MinimumVisualStudioVersion = 10.0.40219.1
Project("{FAE04EC0-301F-11D3-BF4B-00C04F79EFBC}") = "TestList", "TestList\TestList.csproj", "{C3996981-409F-4964-9B1D-C4C1D614605F}"
EndProject
Global
	GlobalSection(SolutionConfigurationPlatforms) = preSolution
		Debug|Any CPU = Debug|Any CPU
		Release|Any CPU = Release|Any CPU
	EndGlobalSection
	GlobalSection(ProjectConfigurationPlatforms) = postSolution
		{C3996981-409F-4964-9B1D-C4C1D614605F}.Debug|Any CPU.ActiveCfg = Debug|Any CPU
		{C3996981-409F-4964-9B1D-C4C1D614605F}.Debug|Any CPU.Build.0 = Debug|Any CPU
		{C3996981-409F-4964-9B1D-C4C1D614605F}.Release|Any CPU.ActiveCfg = Release|Any CPU
		{C3996981-409F-4964-9B1D-C4C1D614605F}.Release|Any CPU.Build.0 = Release|Any CPU
	EndGlobalSection
	GlobalSection(SolutionProperties) = preSolution
		HideSolutionNode = FALSE
	EndGlobalSection
	GlobalSection(ExtensibilityGlobals) = postSolution
		SolutionGuid = {A9B372A4-0B19-4688-AAD9-F60DB5A30910}
	EndGlobalSection
EndGlobal
