
Microsoft Visual Studio Solution File, Format Version 12.00
# Visual Studio Version 16
VisualStudioVersion = 16.0.31702.278
MinimumVisualStudioVersion = 10.0.40219.1
Project("{FAE04EC0-301F-11D3-BF4B-00C04F79EFBC}") = "Lab1.1", "WindowsFormsApp1\Lab1.1.csproj", "{0B5AFE7B-F349-4FEE-A81D-691B160103D7}"
EndProject
Project("{FAE04EC0-301F-11D3-BF4B-00C04F79EFBC}") = "Lab1.2", "Lab1.2\Lab1.2.csproj", "{47143E70-9057-424C-9324-C0FF2F69E423}"
EndProject
Project("{FAE04EC0-301F-11D3-BF4B-00C04F79EFBC}") = "Lab1.4", "Lab1.4\Lab1.4.csproj", "{94CCB63E-6F98-4044-9430-E7E5C81BBEE2}"
EndProject
Project("{FAE04EC0-301F-11D3-BF4B-00C04F79EFBC}") = "Lab1.5.1", "Lab1.5.1\Lab1.5.1.csproj", "{46BACD6C-D505-40E1-984B-19EAAFA362A8}"
EndProject
Project("{FAE04EC0-301F-11D3-BF4B-00C04F79EFBC}") = "Lab1.5.2", "Lab1.5.2\Lab1.5.2.csproj", "{FAC8EBCE-21E8-41EE-8C42-31AACAE36E54}"
EndProject
Global
	GlobalSection(SolutionConfigurationPlatforms) = preSolution
		Debug|Any CPU = Debug|Any CPU
		Release|Any CPU = Release|Any CPU
	EndGlobalSection
	GlobalSection(ProjectConfigurationPlatforms) = postSolution
		{0B5AFE7B-F349-4FEE-A81D-691B160103D7}.Debug|Any CPU.ActiveCfg = Debug|Any CPU
		{0B5AFE7B-F349-4FEE-A81D-691B160103D7}.Debug|Any CPU.Build.0 = Debug|Any CPU
		{0B5AFE7B-F349-4FEE-A81D-691B160103D7}.Release|Any CPU.ActiveCfg = Release|Any CPU
		{0B5AFE7B-F349-4FEE-A81D-691B160103D7}.Release|Any CPU.Build.0 = Release|Any CPU
		{47143E70-9057-424C-9324-C0FF2F69E423}.Debug|Any CPU.ActiveCfg = Debug|Any CPU
		{47143E70-9057-424C-9324-C0FF2F69E423}.Debug|Any CPU.Build.0 = Debug|Any CPU
		{47143E70-9057-424C-9324-C0FF2F69E423}.Release|Any CPU.ActiveCfg = Release|Any CPU
		{47143E70-9057-424C-9324-C0FF2F69E423}.Release|Any CPU.Build.0 = Release|Any CPU
		{94CCB63E-6F98-4044-9430-E7E5C81BBEE2}.Debug|Any CPU.ActiveCfg = Debug|Any CPU
		{94CCB63E-6F98-4044-9430-E7E5C81BBEE2}.Debug|Any CPU.Build.0 = Debug|Any CPU
		{94CCB63E-6F98-4044-9430-E7E5C81BBEE2}.Release|Any CPU.ActiveCfg = Release|Any CPU
		{94CCB63E-6F98-4044-9430-E7E5C81BBEE2}.Release|Any CPU.Build.0 = Release|Any CPU
		{46BACD6C-D505-40E1-984B-19EAAFA362A8}.Debug|Any CPU.ActiveCfg = Debug|Any CPU
		{46BACD6C-D505-40E1-984B-19EAAFA362A8}.Debug|Any CPU.Build.0 = Debug|Any CPU
		{46BACD6C-D505-40E1-984B-19EAAFA362A8}.Release|Any CPU.ActiveCfg = Release|Any CPU
		{46BACD6C-D505-40E1-984B-19EAAFA362A8}.Release|Any CPU.Build.0 = Release|Any CPU
		{FAC8EBCE-21E8-41EE-8C42-31AACAE36E54}.Debug|Any CPU.ActiveCfg = Debug|Any CPU
		{FAC8EBCE-21E8-41EE-8C42-31AACAE36E54}.Debug|Any CPU.Build.0 = Debug|Any CPU
		{FAC8EBCE-21E8-41EE-8C42-31AACAE36E54}.Release|Any CPU.ActiveCfg = Release|Any CPU
		{FAC8EBCE-21E8-41EE-8C42-31AACAE36E54}.Release|Any CPU.Build.0 = Release|Any CPU
	EndGlobalSection
	GlobalSection(SolutionProperties) = preSolution
		HideSolutionNode = FALSE
	EndGlobalSection
	GlobalSection(ExtensibilityGlobals) = postSolution
		SolutionGuid = {6FCED933-4B37-4670-991C-21AE41C6402C}
	EndGlobalSection
EndGlobal
