
Microsoft Visual Studio Solution File, Format Version 12.00
# Visual Studio Version 16
VisualStudioVersion = 16.0.31702.278
MinimumVisualStudioVersion = 10.0.40219.1
Project("{FAE04EC0-301F-11D3-BF4B-00C04F79EFBC}") = "WinOuestion", "WinOuestion\WinOuestion.csproj", "{D6B7CF0C-57AA-4FF1-8D51-C8D066F58C77}"
EndProject
Project("{FAE04EC0-301F-11D3-BF4B-00C04F79EFBC}") = "TestList", "TestList\TestList.csproj", "{C3996981-409F-4964-9B1D-C4C1D614605F}"
EndProject
Project("{FAE04EC0-301F-11D3-BF4B-00C04F79EFBC}") = "MdiApplication", "MdiApplication\MdiApplication.csproj", "{94CCB63E-6F98-4044-9430-E7E5C81BBEE2}"
EndProject
Project("{FAE04EC0-301F-11D3-BF4B-00C04F79EFBC}") = "WinContainer", "WinContainer\WinContainer.csproj", "{07F66694-97A1-4691-9AAC-F89C4C516716}"
EndProject
Project("{FAE04EC0-301F-11D3-BF4B-00C04F79EFBC}") = "BiblWorm", "BiblWorm\BiblWorm.csproj", "{D962520A-F212-455A-B1A5-A5EBF0B873D1}"
EndProject
Project("{FAE04EC0-301F-11D3-BF4B-00C04F79EFBC}") = "RegistrationForm", "RegistrationForm\RegistrationForm.csproj", "{5D1FB313-3120-412B-BEBF-1575C39DF6E6}"
EndProject
Global
	GlobalSection(SolutionConfigurationPlatforms) = preSolution
		Debug|Any CPU = Debug|Any CPU
		Release|Any CPU = Release|Any CPU
	EndGlobalSection
	GlobalSection(ProjectConfigurationPlatforms) = postSolution
		{D6B7CF0C-57AA-4FF1-8D51-C8D066F58C77}.Debug|Any CPU.ActiveCfg = Debug|Any CPU
		{D6B7CF0C-57AA-4FF1-8D51-C8D066F58C77}.Debug|Any CPU.Build.0 = Debug|Any CPU
		{D6B7CF0C-57AA-4FF1-8D51-C8D066F58C77}.Release|Any CPU.ActiveCfg = Release|Any CPU
		{D6B7CF0C-57AA-4FF1-8D51-C8D066F58C77}.Release|Any CPU.Build.0 = Release|Any CPU
		{C3996981-409F-4964-9B1D-C4C1D614605F}.Debug|Any CPU.ActiveCfg = Debug|Any CPU
		{C3996981-409F-4964-9B1D-C4C1D614605F}.Debug|Any CPU.Build.0 = Debug|Any CPU
		{C3996981-409F-4964-9B1D-C4C1D614605F}.Release|Any CPU.ActiveCfg = Release|Any CPU
		{C3996981-409F-4964-9B1D-C4C1D614605F}.Release|Any CPU.Build.0 = Release|Any CPU
		{94CCB63E-6F98-4044-9430-E7E5C81BBEE2}.Debug|Any CPU.ActiveCfg = Debug|Any CPU
		{94CCB63E-6F98-4044-9430-E7E5C81BBEE2}.Debug|Any CPU.Build.0 = Debug|Any CPU
		{94CCB63E-6F98-4044-9430-E7E5C81BBEE2}.Release|Any CPU.ActiveCfg = Release|Any CPU
		{94CCB63E-6F98-4044-9430-E7E5C81BBEE2}.Release|Any CPU.Build.0 = Release|Any CPU
		{07F66694-97A1-4691-9AAC-F89C4C516716}.Debug|Any CPU.ActiveCfg = Debug|Any CPU
		{07F66694-97A1-4691-9AAC-F89C4C516716}.Debug|Any CPU.Build.0 = Debug|Any CPU
		{07F66694-97A1-4691-9AAC-F89C4C516716}.Release|Any CPU.ActiveCfg = Release|Any CPU
		{07F66694-97A1-4691-9AAC-F89C4C516716}.Release|Any CPU.Build.0 = Release|Any CPU
		{D962520A-F212-455A-B1A5-A5EBF0B873D1}.Debug|Any CPU.ActiveCfg = Debug|Any CPU
		{D962520A-F212-455A-B1A5-A5EBF0B873D1}.Debug|Any CPU.Build.0 = Debug|Any CPU
		{D962520A-F212-455A-B1A5-A5EBF0B873D1}.Release|Any CPU.ActiveCfg = Release|Any CPU
		{D962520A-F212-455A-B1A5-A5EBF0B873D1}.Release|Any CPU.Build.0 = Release|Any CPU
		{5D1FB313-3120-412B-BEBF-1575C39DF6E6}.Debug|Any CPU.ActiveCfg = Debug|Any CPU
		{5D1FB313-3120-412B-BEBF-1575C39DF6E6}.Debug|Any CPU.Build.0 = Debug|Any CPU
		{5D1FB313-3120-412B-BEBF-1575C39DF6E6}.Release|Any CPU.ActiveCfg = Release|Any CPU
		{5D1FB313-3120-412B-BEBF-1575C39DF6E6}.Release|Any CPU.Build.0 = Release|Any CPU
	EndGlobalSection
	GlobalSection(SolutionProperties) = preSolution
		HideSolutionNode = FALSE
	EndGlobalSection
	GlobalSection(ExtensibilityGlobals) = postSolution
		SolutionGuid = {B6BD4020-358F-4DE8-A7FE-5523EACD84D8}
	EndGlobalSection
EndGlobal
